
Microsoft Visual Studio Solution File, Format Version 12.00
# Visual Studio Version 17
VisualStudioVersion = 17.6.33927.249
MinimumVisualStudioVersion = 10.0.40219.1
Project("{FAE04EC0-301F-11D3-BF4B-00C04F79EFBC}") = "HangfireTagsTest", "src\HangfireTagsTest.csproj", "{DF7A0365-25A0-4975-93B9-FD79D33A29DB}"
EndProject
Global
	GlobalSection(SolutionConfigurationPlatforms) = preSolution
		Debug|Any CPU = Debug|Any CPU
		Release|Any CPU = Release|Any CPU
	EndGlobalSection
	GlobalSection(ProjectConfigurationPlatforms) = postSolution
		{DF7A0365-25A0-4975-93B9-FD79D33A29DB}.Debug|Any CPU.ActiveCfg = Debug|Any CPU
		{DF7A0365-25A0-4975-93B9-FD79D33A29DB}.Debug|Any CPU.Build.0 = Debug|Any CPU
		{DF7A0365-25A0-4975-93B9-FD79D33A29DB}.Release|Any CPU.ActiveCfg = Release|Any CPU
		{DF7A0365-25A0-4975-93B9-FD79D33A29DB}.Release|Any CPU.Build.0 = Release|Any CPU
	EndGlobalSection
	GlobalSection(SolutionProperties) = preSolution
		HideSolutionNode = FALSE
	EndGlobalSection
	GlobalSection(ExtensibilityGlobals) = postSolution
		SolutionGuid = {F7AD74E9-74A2-4A45-889F-38E7D144C875}
	EndGlobalSection
EndGlobal
